<?xml version="1.0" encoding="utf-8"?>
<Project ToolsVersion="4.0" xmlns="http://schemas.microsoft.com/developer/msbuild/2003">
  <ItemGroup>
    <Filter Include="Common">
      <UniqueIdentifier>11174b83-79af-4b3d-89f3-c86549c4f58c</UniqueIdentifier>
    </Filter>
    <Filter Include="Assets">
      <UniqueIdentifier>fe16ec7f-adae-44dd-ac53-87d88092b7ad</UniqueIdentifier>
      <Extensions>ico;cur;bmp;dds;dlg;fbx;rct;bin;rgs;gif;jpg;jpeg;jpe;resx;tga;tiff;tif;png;wav;mfcribbon-ms</Extensions>
    </Filter>
  </ItemGroup>
  <ItemGroup>
    <ClInclude Include="include\pch.h" />
    <ClInclude Include="include\Game.h" />
    <ClInclude Include="include\StepTimer.h">
      <Filter>Common</Filter>
    </ClInclude>
    <ClInclude Include="include\DeviceResources.h">
      <Filter>Common</Filter>
    </ClInclude>
    <ClInclude Include="resource.h" />
  </ItemGroup>
  <ItemGroup>
    <ClCompile Include="source\pch.cpp" />
    <ClCompile Include="source\Game.cpp" />
    <ClCompile Include="source\Main.cpp" />
    <ClCompile Include="source\DeviceResources.cpp">
      <Filter>Common</Filter>
    </ClCompile>
  </ItemGroup>
  <ItemGroup>
    <ResourceCompile Include="resource.rc" />
  </ItemGroup>
  <ItemGroup>
    <Image Include="assets\directx.ico">
      <Filter>Assets</Filter>
    </Image>
    <Image Include="texture.jpg">
      <Filter>Assets</Filter>
    </Image>
  </ItemGroup>
  <ItemGroup>
    <Manifest Include="settings.manifest">
      <Filter>Assets</Filter>
    </Manifest>
  </ItemGroup>
  <ItemGroup>
    <None Include="packages.config" />
    <None Include="model.mtl">
      <Filter>Assets</Filter>
    </None>
    <None Include="model.sdkmesh" />
  </ItemGroup>
</Project>